PODS:
  - Alamofire (4.4.0)
  - Socket.IO-Client-Swift (8.3.0)

DEPENDENCIES:
  - Alamofire (~> 4.4)
  - Socket.IO-Client-Swift (~> 8.3.0)

SPEC CHECKSUMS:
  Alamofire: dc44b1600b800eb63da6a19039a0083d62a6a62d
  Socket.IO-Client-Swift: 7ad3aded3c0f74d99555e950ac3aa82ca3eefbaf

PODFILE CHECKSUM: 624416054c21f91b3597e993b62cce2803ed4c71

COCOAPODS: 1.2.0
